{
  "lockfile_version": "1",
  "packages": {
    "cargo@latest": {
      "last_modified": "2024-11-16T04:25:12Z",
      "resolved": "github:NixOS/nixpkgs/34a626458d686f1b58139620a8b2793e9e123bba#cargo",
      "source": "devbox-search",
      "version": "1.82.0",
      "systems": {
        "aarch64-darwin": {
          "outputs": [
            {
              "name": "out",
              "path": "/nix/store/arsxsvbjmappgjrxviayspqnjm1nhrma-cargo-1.82.0",
              "default": true
            }
          ],
          "store_path": "/nix/store/arsxsvbjmappgjrxviayspqnjm1nhrma-cargo-1.82.0"
        },
        "aarch64-linux": {
          "outputs": [
            {
              "name": "out",
              "path": "/nix/store/f3cq37b3397bzj900w0mlyyg4sxjqnbz-cargo-1.82.0",
              "default": true
            }
          ],
          "store_path": "/nix/store/f3cq37b3397bzj900w0mlyyg4sxjqnbz-cargo-1.82.0"
        },
        "x86_64-darwin": {
          "outputs": [
            {
              "name": "out",
              "path": "/nix/store/ighhvn60wvid5h3h10fvmsa3qnxw9bnl-cargo-1.82.0",
              "default": true
            }
          ],
          "store_path": "/nix/store/ighhvn60wvid5h3h10fvmsa3qnxw9bnl-cargo-1.82.0"
        },
        "x86_64-linux": {
          "outputs": [
            {
              "name": "out",
              "path": "/nix/store/6sn3alxhxzwz4q3bbmkh5ywgjj0g8m2a-cargo-1.82.0",
              "default": true
            }
          ],
          "store_path": "/nix/store/6sn3alxhxzwz4q3bbmkh5ywgjj0g8m2a-cargo-1.82.0"
        }
      }
    },
    "cfssl@latest": {
      "last_modified": "2024-11-28T07:51:56Z",
      "resolved": "github:NixOS/nixpkgs/226216574ada4c3ecefcbbec41f39ce4655f78ef#cfssl",
      "source": "devbox-search",
      "version": "1.6.5",
      "systems": {
        "aarch64-darwin": {
          "outputs": [
            {
              "name": "out",
              "path": "/nix/store/qpabl7asi9fpv6q59d8dclknjamwypsa-cfssl-1.6.5",
              "default": true
            }
          ],
          "store_path": "/nix/store/qpabl7asi9fpv6q59d8dclknjamwypsa-cfssl-1.6.5"
        },
        "aarch64-linux": {
          "outputs": [
            {
              "name": "out",
              "path": "/nix/store/3r57zpd0dhlbjx0mmj6x3izpiyf398px-cfssl-1.6.5",
              "default": true
            }
          ],
          "store_path": "/nix/store/3r57zpd0dhlbjx0mmj6x3izpiyf398px-cfssl-1.6.5"
        },
        "x86_64-darwin": {
          "outputs": [
            {
              "name": "out",
              "path": "/nix/store/9hlpp10i4k5w9cq4pcyx3xi0xvs9fwiz-cfssl-1.6.5",
              "default": true
            }
          ],
          "store_path": "/nix/store/9hlpp10i4k5w9cq4pcyx3xi0xvs9fwiz-cfssl-1.6.5"
        },
        "x86_64-linux": {
          "outputs": [
            {
              "name": "out",
              "path": "/nix/store/6p5yld0zjgspgam4wdav43hnvy8lks8p-cfssl-1.6.5",
              "default": true
            }
          ],
          "store_path": "/nix/store/6p5yld0zjgspgam4wdav43hnvy8lks8p-cfssl-1.6.5"
        }
      }
    },
    "libiconv@latest": {
      "last_modified": "2024-11-16T04:25:12Z",
      "resolved": "github:NixOS/nixpkgs/34a626458d686f1b58139620a8b2793e9e123bba#libiconv",
      "source": "devbox-search",
      "version": "2.40",
      "systems": {
        "aarch64-linux": {
          "outputs": [
            {
              "name": "out",
              "path": "/nix/store/vmj98hrwfjba7rsqml99gvv7ad0x2a4x-glibc-iconv-2.40",
              "default": true
            }
          ],
          "store_path": "/nix/store/vmj98hrwfjba7rsqml99gvv7ad0x2a4x-glibc-iconv-2.40"
        },
        "x86_64-linux": {
          "outputs": [
            {
              "name": "out",
              "path": "/nix/store/nx02dmkq0kv0jdi4dksy49dxvhg75lxb-glibc-iconv-2.40",
              "default": true
            }
          ],
          "store_path": "/nix/store/nx02dmkq0kv0jdi4dksy49dxvhg75lxb-glibc-iconv-2.40"
        }
      }
    },
    "watch@latest": {
      "last_modified": "2023-02-24T09:01:09Z",
      "resolved": "github:NixOS/nixpkgs/7d0ed7f2e5aea07ab22ccb338d27fbe347ed2f11#watch",
      "source": "devbox-search",
      "version": "3.3.17"
    }
  }
}
